// !$*UTF8*$!
{
	archiveVersion = 1;
	classes = {
	};
	objectVersion = 46;
	objects = {

/* Begin PBXBuildFile section */
		C07347331F8D25B10073FA26 /* AppDelegate.swift in Sources */ = {isa = PBXBuildFile; fileRef = C07347321F8D25B10073FA26 /* AppDelegate.swift */; };
		C07347351F8D25B10073FA26 /* ViewController.swift in Sources */ = {isa = PBXBuildFile; fileRef = C07347341F8D25B10073FA26 /* ViewController.swift */; };
		C07347381F8D25B10073FA26 /* Main.storyboard in Resources */ = {isa = PBXBuildFile; fileRef = C07347361F8D25B10073FA26 /* Main.storyboard */; };
		C073473A1F8D25B10073FA26 /* Assets.xcassets in Resources */ = {isa = PBXBuildFile; fileRef = C07347391F8D25B10073FA26 /* Assets.xcassets */; };
		C073473D1F8D25B10073FA26 /* LaunchScreen.storyboard in Resources */ = {isa = PBXBuildFile; fileRef = C073473B1F8D25B10073FA26 /* LaunchScreen.storyboard */; };
		C07347451F8D284F0073FA26 /* Kittyply_edit1.jpg in Resources */ = {isa = PBXBuildFile; fileRef = C07347441F8D284F0073FA26 /* Kittyply_edit1.jpg */; };
/* End PBXBuildFile section */

/* Begin PBXFileReference section */
		C073472F1F8D25B10073FA26 /* Cat_years.app */ = {isa = PBXFileReference; explicitFileType = wrapper.application; includeInIndex = 0; path = Cat_years.app; sourceTree = BUILT_PRODUCTS_DIR; };
		C07347321F8D25B10073FA26 /* AppDelegate.swift */ = {isa = PBXFileReference; lastKnownFileType = sourcecode.swift; path = AppDelegate.swift; sourceTree = "<group>"; };
		C07347341F8D25B10073FA26 /* ViewController.swift */ = {isa = PBXFileReference; lastKnownFileType = sourcecode.swift; path = ViewController.swift; sourceTree = "<group>"; };
		C07347371F8D25B10073FA26 /* Base */ = {isa = PBXFileReference; lastKnownFileType = file.storyboard; name = Base; path = Base.lproj/Main.storyboard; sourceTree = "<group>"; };
		C07347391F8D25B10073FA26 /* Assets.xcassets */ = {isa = PBXFileReference; lastKnownFileType = folder.assetcatalog; path = Assets.xcassets; sourceTree = "<group>"; };
		C073473C1F8D25B10073FA26 /* Base */ = {isa = PBXFileReference; lastKnownFileType = file.storyboard; name = Base; path = Base.lproj/LaunchScreen.storyboard; sourceTree = "<group>"; };
		C073473E1F8D25B10073FA26 /* Info.plist */ = {isa = PBXFileReference; lastKnownFileType = text.plist.xml; path = Info.plist; sourceTree = "<group>"; };
		C07347441F8D284F0073FA26 /* Kittyply_edit1.jpg */ = {isa = PBXFileReference; lastKnownFileType = image.jpeg; path = Kittyply_edit1.jpg; sourceTree = "<group>"; };
/* End PBXFileReference section */

/* Begin PBXFrameworksBuildPhase section */
		C073472C1F8D25B10073FA26 /* Frameworks */ = {
			isa = PBXFrameworksBuildPhase;
			buildActionMask = 2147483647;
			files = (
			);
			runOnlyForDeploymentPostprocessing = 0;
		};
/* End PBXFrameworksBuildPhase section */

/* Begin PBXGroup section */
		C07347261F8D25B10073FA26 = {
			isa = PBXGroup;
			children = (
				C07347311F8D25B10073FA26 /* Cat_years */,
				C07347301F8D25B10073FA26 /* Products */,
			);
			sourceTree = "<group>";
		};
		C07347301F8D25B10073FA26 /* Products */ = {
			isa = PBXGroup;
			children = (
				C073472F1F8D25B10073FA26 /* Cat_years.app */,
			);
			name = Products;
			sourceTree = "<group>";
		};
		C07347311F8D25B10073FA26 /* Cat_years */ = {
			isa = PBXGroup;
			children = (
				C07347321F8D25B10073FA26 /* AppDelegate.swift */,
				C07347341F8D25B10073FA26 /* ViewController.swift */,
				C07347361F8D25B10073FA26 /* Main.storyboard */,
				C07347441F8D284F0073FA26 /* Kittyply_edit1.jpg */,
				C07347391F8D25B10073FA26 /* Assets.xcassets */,
				C073473B1F8D25B10073FA26 /* LaunchScreen.storyboard */,
				C073473E1F8D25B10073FA26 /* Info.plist */,
			);
			path = Cat_years;
			sourceTree = "<group>";
		};
/* End PBXGroup section */

/* Begin PBXNativeTarget section */
		C073472E1F8D25B10073FA26 /* Cat_years */ = {
			isa = PBXNativeTarget;
			buildConfigurationList = C07347411F8D25B10073FA26 /* Build configuration list for PBXNativeTarget "Cat_years" */;
			buildPhases = (
				C073472B1F8D25B10073FA26 /* Sources */,
				C073472C1F8D25B10073FA26 /* Frameworks */,
				C073472D1F8D25B10073FA26 /* Resources */,
			);
			buildRules = (
			);
			dependencies = (
			);
			name = Cat_years;
			productName = Cat_years;
			productReference = C073472F1F8D25B10073FA26 /* Cat_years.app */;
			productType = "com.apple.product-type.application";
		};
/* End PBXNativeTarget section */

/* Begin PBXProject section */
		C07347271F8D25B10073FA26 /* Project object */ = {
			isa = PBXProject;
			attributes = {
				LastSwiftUpdateCheck = 0830;
				LastUpgradeCheck = 0830;
				ORGANIZATIONNAME = ZakariaAfir;
				TargetAttributes = {
					C073472E1F8D25B10073FA26 = {
						CreatedOnToolsVersion = 8.3.3;
						ProvisioningStyle = Automatic;
					};
				};
			};
			buildConfigurationList = C073472A1F8D25B10073FA26 /* Build configuration list for PBXProject "Cat_years" */;
			compatibilityVersion = "Xcode 3.2";
			developmentRegion = English;
			hasScannedForEncodings = 0;
			knownRegions = (
				en,
				Base,
			);
			mainGroup = C07347261F8D25B10073FA26;
			productRefGroup = C07347301F8D25B10073FA26 /* Products */;
			projectDirPath = "";
			projectRoot = "";
			targets = (
				C073472E1F8D25B10073FA26 /* Cat_years */,
			);
		};
/* End PBXProject section */

/* Begin PBXResourcesBuildPhase section */
		C073472D1F8D25B10073FA26 /* Resources */ = {
			isa = PBXResourcesBuildPhase;
			buildActionMask = 2147483647;
			files = (
				C073473D1F8D25B10073FA26 /* LaunchScreen.storyboard in Resources */,
				C07347451F8D284F0073FA26 /* Kittyply_edit1.jpg in Resources */,
				C073473A1F8D25B10073FA26 /* Assets.xcassets in Resources */,
				C07347381F8D25B10073FA26 /* Main.storyboard in Resources */,
			);
			runOnlyForDeploymentPostprocessing = 0;
		};
/* End PBXResourcesBuildPhase section */

/* Begin PBXSourcesBuildPhase section */
		C073472B1F8D25B10073FA26 /* Sources */ = {
			isa = PBXSourcesBuildPhase;
			buildActionMask = 2147483647;
			files = (
				C07347351F8D25B10073FA26 /* ViewController.swift in Sources */,
				C07347331F8D25B10073FA26 /* AppDelegate.swift in Sources */,
			);
			runOnlyForDeploymentPostprocessing = 0;
		};
/* End PBXSourcesBuildPhase section */

/* Begin PBXVariantGroup section */
		C07347361F8D25B10073FA26 /* Main.storyboard */ = {
			isa = PBXVariantGroup;
			children = (
				C07347371F8D25B10073FA26 /* Base */,
			);
			name = Main.storyboard;
			sourceTree = "<group>";
		};
		C073473B1F8D25B10073FA26 /* LaunchScreen.storyboard */ = {
			isa = PBXVariantGroup;
			children = (
				C073473C1F8D25B10073FA26 /* Base */,
			);
			name = LaunchScreen.storyboard;
			sourceTree = "<group>";
		};
/* End PBXVariantGroup section */

/* Begin XCBuildConfiguration section */
		C073473F1F8D25B10073FA26 /* Debug */ = {
			isa = XCBuildConfiguration;
			buildSettings = {
				ALWAYS_SEARCH_USER_PATHS = NO;
				CLANG_ANALYZER_NONNULL = YES;
				CLANG_ANALYZER_NUMBER_OBJECT_CONVERSION = YES_AGGRESSIVE;
				CLANG_CXX_LANGUAGE_STANDARD = "gnu++0x";
				CLANG_CXX_LIBRARY = "libc++";
				CLANG_ENABLE_MODULES = YES;
				CLANG_ENABLE_OBJC_ARC = YES;
				CLANG_WARN_BOOL_CONVERSION = YES;
				CLANG_WARN_CONSTANT_CONVERSION = YES;
				CLANG_WARN_DIRECT_OBJC_ISA_USAGE = YES_ERROR;
				CLANG_WARN_DOCUMENTATION_COMMENTS = YES;
				CLANG_WARN_EMPTY_BODY = YES;
				CLANG_WARN_ENUM_CONVERSION = YES;
				CLANG_WARN_INFINITE_RECURSION = YES;
				CLANG_WARN_INT_CONVERSION = YES;
				CLANG_WARN_OBJC_ROOT_CLASS = YES_ERROR;
				CLANG_WARN_SUSPICIOUS_MOVE = YES;
				CLANG_WARN_UNREACHABLE_CODE = YES;
				CLANG_WARN__DUPLICATE_METHOD_MATCH = YES;
				"CODE_SIGN_IDENTITY[sdk=iphoneos*]" = "iPhone Developer";
				COPY_PHASE_STRIP = NO;
				DEBUG_INFORMATION_FORMAT = dwarf;
				ENABLE_STRICT_OBJC_MSGSEND = YES;
				ENABLE_TESTABILITY = YES;
				GCC_C_LANGUAGE_STANDARD = gnu99;
				GCC_DYNAMIC_NO_PIC = NO;
				GCC_NO_COMMON_BLOCKS = YES;
				GCC_OPTIMIZATION_LEVEL = 0;
				GCC_PREPROCESSOR_DEFINITIONS = (
					"DEBUG=1",
					"$(inherited)",
				);
				GCC_WARN_64_TO_32_BIT_CONVERSION = YES;
				GCC_WARN_ABOUT_RETURN_TYPE = YES_ERROR;
				GCC_WARN_UNDECLARED_SELECTOR = YES;
				GCC_WARN_UNINITIALIZED_AUTOS = YES_AGGRESSIVE;
				GCC_WARN_UNUSED_FUNCTION = YES;
				GCC_WARN_UNUSED_VARIABLE = YES;
				IPHONEOS_DEPLOYMENT_TARGET = 10.3;
				MTL_ENABLE_DEBUG_INFO = YES;
				ONLY_ACTIVE_ARCH = YES;
				SDKROOT = iphoneos;
				SWIFT_ACTIVE_COMPILATION_CONDITIONS = DEBUG;
				SWIFT_OPTIMIZATION_LEVEL = "-Onone";
			};
			name = Debug;
		};
		C07347401F8D25B10073FA26 /* Release */ = {
			isa = XCBuildConfiguration;
			buildSettings = {
				ALWAYS_SEARCH_USER_PATHS = NO;
				CLANG_ANALYZER_NONNULL = YES;
				CLANG_ANALYZER_NUMBER_OBJECT_CONVERSION = YES_AGGRESSIVE;
				CLANG_CXX_LANGUAGE_STANDARD = "gnu++0x";
				CLANG_CXX_LIBRARY = "libc++";
				CLANG_ENABLE_MODULES = YES;
				CLANG_ENABLE_OBJC_ARC = YES;
				CLANG_WARN_BOOL_CONVERSION = YES;
				CLANG_WARN_CONSTANT_CONVERSION = YES;
				CLANG_WARN_DIRECT_OBJC_ISA_USAGE = YES_ERROR;
				CLANG_WARN_DOCUMENTATION_COMMENTS = YES;
				CLANG_WARN_EMPTY_BODY = YES;
				CLANG_WARN_ENUM_CONVERSION = YES;
				CLANG_WARN_INFINITE_RECURSION = YES;
				CLANG_WARN_INT_CONVERSION = YES;
				CLANG_WARN_OBJC_ROOT_CLASS = YES_ERROR;
				CLANG_WARN_SUSPICIOUS_MOVE = YES;
				CLANG_WARN_UNREACHABLE_CODE = YES;
				CLANG_WARN__DUPLICATE_METHOD_MATCH = YES;
				"CODE_SIGN_IDENTITY[sdk=iphoneos*]" = "iPhone Developer";
				COPY_PHASE_STRIP = NO;
				DEBUG_INFORMATION_FORMAT = "dwarf-with-dsym";
				ENABLE_NS_ASSERTIONS = NO;
				ENABLE_STRICT_OBJC_MSGSEND = YES;
				GCC_C_LANGUAGE_STANDARD = gnu99;
				GCC_NO_COMMON_BLOCKS = YES;
				GCC_WARN_64_TO_32_BIT_CONVERSION = YES;
				GCC_WARN_ABOUT_RETURN_TYPE = YES_ERROR;
				GCC_WARN_UNDECLARED_SELECTOR = YES;
				GCC_WARN_UNINITIALIZED_AUTOS = YES_AGGRESSIVE;
				GCC_WARN_UNUSED_FUNCTION = YES;
				GCC_WARN_UNUSED_VARIABLE = YES;
				IPHONEOS_DEPLOYMENT_TARGET = 10.3;
				MTL_ENABLE_DEBUG_INFO = NO;
				SDKROOT = iphoneos;
				SWIFT_OPTIMIZATION_LEVEL = "-Owholemodule";
				VALIDATE_PRODUCT = YES;
			};
			name = Release;
		};
		C07347421F8D25B10073FA26 /* Debug */ = {
			isa = XCBuildConfiguration;
			buildSettings = {
				ASSETCATALOG_COMPILER_APPICON_NAME = AppIcon;
				INFOPLIST_FILE = Cat_years/Info.plist;
				LD_RUNPATH_SEARCH_PATHS = "$(inherited) @executable_path/Frameworks";
				PRODUCT_BUNDLE_IDENTIFIER = "com.ZakariaAfir.Cat-years";
				PRODUCT_NAME = "$(TARGET_NAME)";
				SWIFT_VERSION = 3.0;
			};
			name = Debug;
		};
		C07347431F8D25B10073FA26 /* Release */ = {
			isa = XCBuildConfiguration;
			buildSettings = {
				ASSETCATALOG_COMPILER_APPICON_NAME = AppIcon;
				INFOPLIST_FILE = Cat_years/Info.plist;
				LD_RUNPATH_SEARCH_PATHS = "$(inherited) @executable_path/Frameworks";
				PRODUCT_BUNDLE_IDENTIFIER = "com.ZakariaAfir.Cat-years";
				PRODUCT_NAME = "$(TARGET_NAME)";
				SWIFT_VERSION = 3.0;
			};
			name = Release;
		};
/* End XCBuildConfiguration section */

/* Begin XCConfigurationList section */
		C073472A1F8D25B10073FA26 /* Build configuration list for PBXProject "Cat_years" */ = {
			isa = XCConfigurationList;
			buildConfigurations = (
				C073473F1F8D25B10073FA26 /* Debug */,
				C07347401F8D25B10073FA26 /* Release */,
			);
			defaultConfigurationIsVisible = 0;
			defaultConfigurationName = Release;
		};
		C07347411F8D25B10073FA26 /* Build configuration list for PBXNativeTarget "Cat_years" */ = {
			isa = XCConfigurationList;
			buildConfigurations = (
				C07347421F8D25B10073FA26 /* Debug */,
				C07347431F8D25B10073FA26 /* Release */,
			);
			defaultConfigurationIsVisible = 0;
		};
/* End XCConfigurationList section */
	};
	rootObject = C07347271F8D25B10073FA26 /* Project object */;
}
